
Microsoft Visual Studio Solution File, Format Version 12.00
# Visual Studio Version 16
VisualStudioVersion = 16.0.31911.196
MinimumVisualStudioVersion = 10.0.40219.1
Project("{8BC9CEB8-8B4A-11D0-8D11-00A0C91BC942}") = "Server", "Server.vcxproj", "{CA45B3D2-F92E-44AD-A860-276FB89BBDE7}"
EndProject
Global
	GlobalSection(SolutionConfigurationPlatforms) = preSolution
		Debug|x64 = Debug|x64
		Debug|x86 = Debug|x86
		Release|x64 = Release|x64
		Release|x86 = Release|x86
	EndGlobalSection
	GlobalSection(ProjectConfigurationPlatforms) = postSolution
		{CA45B3D2-F92E-44AD-A860-276FB89BBDE7}.Debug|x64.ActiveCfg = Debug|x64
		{CA45B3D2-F92E-44AD-A860-276FB89BBDE7}.Debug|x64.Build.0 = Debug|x64
		{CA45B3D2-F92E-44AD-A860-276FB89BBDE7}.Debug|x86.ActiveCfg = Debug|Win32
		{CA45B3D2-F92E-44AD-A860-276FB89BBDE7}.Debug|x86.Build.0 = Debug|Win32
		{CA45B3D2-F92E-44AD-A860-276FB89BBDE7}.Release|x64.ActiveCfg = Release|x64
		{CA45B3D2-F92E-44AD-A860-276FB89BBDE7}.Release|x64.Build.0 = Release|x64
		{CA45B3D2-F92E-44AD-A860-276FB89BBDE7}.Release|x86.ActiveCfg = Release|Win32
		{CA45B3D2-F92E-44AD-A860-276FB89BBDE7}.Release|x86.Build.0 = Release|Win32
	EndGlobalSection
	GlobalSection(SolutionProperties) = preSolution
		HideSolutionNode = FALSE
	EndGlobalSection
	GlobalSection(ExtensibilityGlobals) = postSolution
		SolutionGuid = {C27FCB35-B162-45BF-9110-6016673A4618}
	EndGlobalSection
EndGlobal
